
Microsoft Visual Studio Solution File, Format Version 11.00
# Visual Studio 2010
Project("{8BC9CEB8-8B4A-11D0-8D11-00A0C91BC942}") = "minimizepeak", "minimizepeak.vcxproj", "{AFF3EDDF-EB97-9FC4-4B47-496C045F9BD9}"
EndProject
Global
	GlobalSection(SolutionConfigurationPlatforms) = preSolution
		Release|Win32 = Release|Win32
	EndGlobalSection
	GlobalSection(ProjectConfigurationPlatforms) = postSolution
		{AFF3EDDF-EB97-9FC4-4B47-496C045F9BD9}.Release|Win32.ActiveCfg = Release|Win32
		{AFF3EDDF-EB97-9FC4-4B47-496C045F9BD9}.Release|Win32.Build.0 = Release|Win32
	EndGlobalSection
	GlobalSection(SolutionProperties) = preSolution
		HideSolutionNode = FALSE
	EndGlobalSection
EndGlobal
