
Microsoft Visual Studio Solution File, Format Version 11.00
# Visual Studio 2010
Project("{8BC9CEB8-8B4A-11D0-8D11-00A0C91BC942}") = "minimizepeak", "minimizepeak.vcxproj", "{8FEC29F9-8BED-C3E9-99B1-1C0D004F83C6}"
EndProject
Global
	GlobalSection(SolutionConfigurationPlatforms) = preSolution
		Release|Win32 = Release|Win32
	EndGlobalSection
	GlobalSection(ProjectConfigurationPlatforms) = postSolution
		{8FEC29F9-8BED-C3E9-99B1-1C0D004F83C6}.Release|Win32.ActiveCfg = Release|Win32
		{8FEC29F9-8BED-C3E9-99B1-1C0D004F83C6}.Release|Win32.Build.0 = Release|Win32
	EndGlobalSection
	GlobalSection(SolutionProperties) = preSolution
		HideSolutionNode = FALSE
	EndGlobalSection
EndGlobal
